
Microsoft Visual Studio Solution File, Format Version 12.00
Project("{FAE04EC0-301F-11D3-BF4B-00C04F79EFBC}") = "WebApplication", "WebApplication\WebApplication.csproj", "{0D99E6ED-3BBB-4F7B-A7DB-9135DFF73EF7}"
EndProject
Global
	GlobalSection(SolutionConfigurationPlatforms) = preSolution
		Debug|Any CPU = Debug|Any CPU
		Release|Any CPU = Release|Any CPU
	EndGlobalSection
	GlobalSection(ProjectConfigurationPlatforms) = postSolution
		{0D99E6ED-3BBB-4F7B-A7DB-9135DFF73EF7}.Debug|Any CPU.ActiveCfg = Debug|Any CPU
		{0D99E6ED-3BBB-4F7B-A7DB-9135DFF73EF7}.Debug|Any CPU.Build.0 = Debug|Any CPU
		{0D99E6ED-3BBB-4F7B-A7DB-9135DFF73EF7}.Release|Any CPU.ActiveCfg = Release|Any CPU
		{0D99E6ED-3BBB-4F7B-A7DB-9135DFF73EF7}.Release|Any CPU.Build.0 = Release|Any CPU
	EndGlobalSection
EndGlobal
